
Microsoft Visual Studio Solution File, Format Version 12.00
# Visual Studio Version 17
VisualStudioVersion = 17.1.32414.318
MinimumVisualStudioVersion = 10.0.40219.1
Project("{FAE04EC0-301F-11D3-BF4B-00C04F79EFBC}") = "01 Bai 2", "01 Bai 2\01 Bai 2.csproj", "{CEC0CDEC-B3DF-4552-8E8C-CC390FF998D3}"
EndProject
Project("{FAE04EC0-301F-11D3-BF4B-00C04F79EFBC}") = "02 Bai 3", "02 Bai 3\02 Bai 3.csproj", "{883F1937-D309-4E17-917C-DA225DC4EB90}"
EndProject
Project("{FAE04EC0-301F-11D3-BF4B-00C04F79EFBC}") = "03 Bai 4", "03 Bai 4\03 Bai 4.csproj", "{773870BF-4B42-407F-87AA-1F3DE4B3DBA2}"
EndProject
Project("{FAE04EC0-301F-11D3-BF4B-00C04F79EFBC}") = "04 Bai 6", "04 Bai 6\04 Bai 6.csproj", "{30D56C88-F97B-4C97-ACE6-52E4BC4A19FA}"
EndProject
Global
	GlobalSection(SolutionConfigurationPlatforms) = preSolution
		Debug|Any CPU = Debug|Any CPU
		Release|Any CPU = Release|Any CPU
	EndGlobalSection
	GlobalSection(ProjectConfigurationPlatforms) = postSolution
		{CEC0CDEC-B3DF-4552-8E8C-CC390FF998D3}.Debug|Any CPU.ActiveCfg = Debug|Any CPU
		{CEC0CDEC-B3DF-4552-8E8C-CC390FF998D3}.Debug|Any CPU.Build.0 = Debug|Any CPU
		{CEC0CDEC-B3DF-4552-8E8C-CC390FF998D3}.Release|Any CPU.ActiveCfg = Release|Any CPU
		{CEC0CDEC-B3DF-4552-8E8C-CC390FF998D3}.Release|Any CPU.Build.0 = Release|Any CPU
		{883F1937-D309-4E17-917C-DA225DC4EB90}.Debug|Any CPU.ActiveCfg = Debug|Any CPU
		{883F1937-D309-4E17-917C-DA225DC4EB90}.Debug|Any CPU.Build.0 = Debug|Any CPU
		{883F1937-D309-4E17-917C-DA225DC4EB90}.Release|Any CPU.ActiveCfg = Release|Any CPU
		{883F1937-D309-4E17-917C-DA225DC4EB90}.Release|Any CPU.Build.0 = Release|Any CPU
		{773870BF-4B42-407F-87AA-1F3DE4B3DBA2}.Debug|Any CPU.ActiveCfg = Debug|Any CPU
		{773870BF-4B42-407F-87AA-1F3DE4B3DBA2}.Debug|Any CPU.Build.0 = Debug|Any CPU
		{773870BF-4B42-407F-87AA-1F3DE4B3DBA2}.Release|Any CPU.ActiveCfg = Release|Any CPU
		{773870BF-4B42-407F-87AA-1F3DE4B3DBA2}.Release|Any CPU.Build.0 = Release|Any CPU
		{30D56C88-F97B-4C97-ACE6-52E4BC4A19FA}.Debug|Any CPU.ActiveCfg = Debug|Any CPU
		{30D56C88-F97B-4C97-ACE6-52E4BC4A19FA}.Debug|Any CPU.Build.0 = Debug|Any CPU
		{30D56C88-F97B-4C97-ACE6-52E4BC4A19FA}.Release|Any CPU.ActiveCfg = Release|Any CPU
		{30D56C88-F97B-4C97-ACE6-52E4BC4A19FA}.Release|Any CPU.Build.0 = Release|Any CPU
	EndGlobalSection
	GlobalSection(SolutionProperties) = preSolution
		HideSolutionNode = FALSE
	EndGlobalSection
	GlobalSection(ExtensibilityGlobals) = postSolution
		SolutionGuid = {1A78CC14-0C20-4E1B-8C1C-2407F87A3F5F}
	EndGlobalSection
EndGlobal
