
Microsoft Visual Studio Solution File, Format Version 12.00
# Visual Studio Version 17
VisualStudioVersion = 17.1.32414.318
MinimumVisualStudioVersion = 10.0.40219.1
Project("{8BC9CEB8-8B4A-11D0-8D11-00A0C91BC942}") = "01 Hello World", "01 Hello World\01 Hello World.vcxproj", "{07304844-0DD4-4BDC-BB35-355953D469BD}"
EndProject
Project("{8BC9CEB8-8B4A-11D0-8D11-00A0C91BC942}") = "02 BT1", "02 BT1\02 BT1.vcxproj", "{0ACD2DB6-9BEE-4733-8FFC-80733B054D21}"
EndProject
Project("{8BC9CEB8-8B4A-11D0-8D11-00A0C91BC942}") = "03 L1 BT2", "03 L1 BT2\03 L1 BT2.vcxproj", "{B3E1F978-3E61-4703-9D8F-D96B2853E058}"
EndProject
Project("{8BC9CEB8-8B4A-11D0-8D11-00A0C91BC942}") = "04 L1 BT2-2", "04 L1 BT2-2\04 L1 BT2-2.vcxproj", "{D9FEB326-6DB8-4CC0-B87E-685313A2EBFA}"
EndProject
Project("{8BC9CEB8-8B4A-11D0-8D11-00A0C91BC942}") = "05 L1 BT2-5", "05 L1 BT2-5\05 L1 BT2-5.vcxproj", "{68E18037-65F1-4710-BE24-10FDAF96FE54}"
EndProject
Project("{8BC9CEB8-8B4A-11D0-8D11-00A0C91BC942}") = "06 L1 BT2-6", "06 L1 BT2-6\06 L1 BT2-6.vcxproj", "{6AA7FBAD-D810-45A4-9BEE-E850A588D406}"
EndProject
Project("{8BC9CEB8-8B4A-11D0-8D11-00A0C91BC942}") = "07 L1 BT2-7", "07 L1 BT2-7\07 L1 BT2-7.vcxproj", "{40241CAB-AC6D-4A25-84C5-60175E537CF8}"
EndProject
Project("{8BC9CEB8-8B4A-11D0-8D11-00A0C91BC942}") = "08 L3 BT1", "08 L3 BT1\08 L3 BT1.vcxproj", "{DBB76EF2-CC82-4D53-B277-2ECE48726148}"
EndProject
Project("{8BC9CEB8-8B4A-11D0-8D11-00A0C91BC942}") = "09 L3 BT2", "09 L3 BT2\09 L3 BT2.vcxproj", "{548BB518-D7F1-48DD-91AC-98F619FC8E19}"
EndProject
Project("{8BC9CEB8-8B4A-11D0-8D11-00A0C91BC942}") = "10 L3 BT3", "10 L3 BT3\10 L3 BT3.vcxproj", "{6EA2EF44-035D-4FE4-93B1-2C216F8E3C43}"
EndProject
Project("{8BC9CEB8-8B4A-11D0-8D11-00A0C91BC942}") = "11 Lesson 4 Pointer", "11 Lesson 4 Pointer\11 Lesson 4 Pointer.vcxproj", "{659438AE-A629-4FD1-8F36-15A5CDC58CD9}"
EndProject
Global
	GlobalSection(SolutionConfigurationPlatforms) = preSolution
		Debug|Any CPU = Debug|Any CPU
		Debug|x64 = Debug|x64
		Debug|x86 = Debug|x86
		Release|Any CPU = Release|Any CPU
		Release|x64 = Release|x64
		Release|x86 = Release|x86
	EndGlobalSection
	GlobalSection(ProjectConfigurationPlatforms) = postSolution
		{07304844-0DD4-4BDC-BB35-355953D469BD}.Debug|Any CPU.ActiveCfg = Debug|x64
		{07304844-0DD4-4BDC-BB35-355953D469BD}.Debug|Any CPU.Build.0 = Debug|x64
		{07304844-0DD4-4BDC-BB35-355953D469BD}.Debug|x64.ActiveCfg = Debug|x64
		{07304844-0DD4-4BDC-BB35-355953D469BD}.Debug|x64.Build.0 = Debug|x64
		{07304844-0DD4-4BDC-BB35-355953D469BD}.Debug|x86.ActiveCfg = Debug|Win32
		{07304844-0DD4-4BDC-BB35-355953D469BD}.Debug|x86.Build.0 = Debug|Win32
		{07304844-0DD4-4BDC-BB35-355953D469BD}.Release|Any CPU.ActiveCfg = Release|x64
		{07304844-0DD4-4BDC-BB35-355953D469BD}.Release|Any CPU.Build.0 = Release|x64
		{07304844-0DD4-4BDC-BB35-355953D469BD}.Release|x64.ActiveCfg = Release|x64
		{07304844-0DD4-4BDC-BB35-355953D469BD}.Release|x64.Build.0 = Release|x64
		{07304844-0DD4-4BDC-BB35-355953D469BD}.Release|x86.ActiveCfg = Release|Win32
		{07304844-0DD4-4BDC-BB35-355953D469BD}.Release|x86.Build.0 = Release|Win32
		{0ACD2DB6-9BEE-4733-8FFC-80733B054D21}.Debug|Any CPU.ActiveCfg = Debug|x64
		{0ACD2DB6-9BEE-4733-8FFC-80733B054D21}.Debug|Any CPU.Build.0 = Debug|x64
		{0ACD2DB6-9BEE-4733-8FFC-80733B054D21}.Debug|x64.ActiveCfg = Debug|x64
		{0ACD2DB6-9BEE-4733-8FFC-80733B054D21}.Debug|x64.Build.0 = Debug|x64
		{0ACD2DB6-9BEE-4733-8FFC-80733B054D21}.Debug|x86.ActiveCfg = Debug|Win32
		{0ACD2DB6-9BEE-4733-8FFC-80733B054D21}.Debug|x86.Build.0 = Debug|Win32
		{0ACD2DB6-9BEE-4733-8FFC-80733B054D21}.Release|Any CPU.ActiveCfg = Release|x64
		{0ACD2DB6-9BEE-4733-8FFC-80733B054D21}.Release|Any CPU.Build.0 = Release|x64
		{0ACD2DB6-9BEE-4733-8FFC-80733B054D21}.Release|x64.ActiveCfg = Release|x64
		{0ACD2DB6-9BEE-4733-8FFC-80733B054D21}.Release|x64.Build.0 = Release|x64
		{0ACD2DB6-9BEE-4733-8FFC-80733B054D21}.Release|x86.ActiveCfg = Release|Win32
		{0ACD2DB6-9BEE-4733-8FFC-80733B054D21}.Release|x86.Build.0 = Release|Win32
		{B3E1F978-3E61-4703-9D8F-D96B2853E058}.Debug|Any CPU.ActiveCfg = Debug|x64
		{B3E1F978-3E61-4703-9D8F-D96B2853E058}.Debug|Any CPU.Build.0 = Debug|x64
		{B3E1F978-3E61-4703-9D8F-D96B2853E058}.Debug|x64.ActiveCfg = Debug|x64
		{B3E1F978-3E61-4703-9D8F-D96B2853E058}.Debug|x64.Build.0 = Debug|x64
		{B3E1F978-3E61-4703-9D8F-D96B2853E058}.Debug|x86.ActiveCfg = Debug|Win32
		{B3E1F978-3E61-4703-9D8F-D96B2853E058}.Debug|x86.Build.0 = Debug|Win32
		{B3E1F978-3E61-4703-9D8F-D96B2853E058}.Release|Any CPU.ActiveCfg = Release|x64
		{B3E1F978-3E61-4703-9D8F-D96B2853E058}.Release|Any CPU.Build.0 = Release|x64
		{B3E1F978-3E61-4703-9D8F-D96B2853E058}.Release|x64.ActiveCfg = Release|x64
		{B3E1F978-3E61-4703-9D8F-D96B2853E058}.Release|x64.Build.0 = Release|x64
		{B3E1F978-3E61-4703-9D8F-D96B2853E058}.Release|x86.ActiveCfg = Release|Win32
		{B3E1F978-3E61-4703-9D8F-D96B2853E058}.Release|x86.Build.0 = Release|Win32
		{D9FEB326-6DB8-4CC0-B87E-685313A2EBFA}.Debug|Any CPU.ActiveCfg = Debug|x64
		{D9FEB326-6DB8-4CC0-B87E-685313A2EBFA}.Debug|Any CPU.Build.0 = Debug|x64
		{D9FEB326-6DB8-4CC0-B87E-685313A2EBFA}.Debug|x64.ActiveCfg = Debug|x64
		{D9FEB326-6DB8-4CC0-B87E-685313A2EBFA}.Debug|x64.Build.0 = Debug|x64
		{D9FEB326-6DB8-4CC0-B87E-685313A2EBFA}.Debug|x86.ActiveCfg = Debug|Win32
		{D9FEB326-6DB8-4CC0-B87E-685313A2EBFA}.Debug|x86.Build.0 = Debug|Win32
		{D9FEB326-6DB8-4CC0-B87E-685313A2EBFA}.Release|Any CPU.ActiveCfg = Release|x64
		{D9FEB326-6DB8-4CC0-B87E-685313A2EBFA}.Release|Any CPU.Build.0 = Release|x64
		{D9FEB326-6DB8-4CC0-B87E-685313A2EBFA}.Release|x64.ActiveCfg = Release|x64
		{D9FEB326-6DB8-4CC0-B87E-685313A2EBFA}.Release|x64.Build.0 = Release|x64
		{D9FEB326-6DB8-4CC0-B87E-685313A2EBFA}.Release|x86.ActiveCfg = Release|Win32
		{D9FEB326-6DB8-4CC0-B87E-685313A2EBFA}.Release|x86.Build.0 = Release|Win32
		{68E18037-65F1-4710-BE24-10FDAF96FE54}.Debug|Any CPU.ActiveCfg = Debug|x64
		{68E18037-65F1-4710-BE24-10FDAF96FE54}.Debug|Any CPU.Build.0 = Debug|x64
		{68E18037-65F1-4710-BE24-10FDAF96FE54}.Debug|x64.ActiveCfg = Debug|x64
		{68E18037-65F1-4710-BE24-10FDAF96FE54}.Debug|x64.Build.0 = Debug|x64
		{68E18037-65F1-4710-BE24-10FDAF96FE54}.Debug|x86.ActiveCfg = Debug|Win32
		{68E18037-65F1-4710-BE24-10FDAF96FE54}.Debug|x86.Build.0 = Debug|Win32
		{68E18037-65F1-4710-BE24-10FDAF96FE54}.Release|Any CPU.ActiveCfg = Release|x64
		{68E18037-65F1-4710-BE24-10FDAF96FE54}.Release|Any CPU.Build.0 = Release|x64
		{68E18037-65F1-4710-BE24-10FDAF96FE54}.Release|x64.ActiveCfg = Release|x64
		{68E18037-65F1-4710-BE24-10FDAF96FE54}.Release|x64.Build.0 = Release|x64
		{68E18037-65F1-4710-BE24-10FDAF96FE54}.Release|x86.ActiveCfg = Release|Win32
		{68E18037-65F1-4710-BE24-10FDAF96FE54}.Release|x86.Build.0 = Release|Win32
		{6AA7FBAD-D810-45A4-9BEE-E850A588D406}.Debug|Any CPU.ActiveCfg = Debug|x64
		{6AA7FBAD-D810-45A4-9BEE-E850A588D406}.Debug|Any CPU.Build.0 = Debug|x64
		{6AA7FBAD-D810-45A4-9BEE-E850A588D406}.Debug|x64.ActiveCfg = Debug|x64
		{6AA7FBAD-D810-45A4-9BEE-E850A588D406}.Debug|x64.Build.0 = Debug|x64
		{6AA7FBAD-D810-45A4-9BEE-E850A588D406}.Debug|x86.ActiveCfg = Debug|Win32
		{6AA7FBAD-D810-45A4-9BEE-E850A588D406}.Debug|x86.Build.0 = Debug|Win32
		{6AA7FBAD-D810-45A4-9BEE-E850A588D406}.Release|Any CPU.ActiveCfg = Release|x64
		{6AA7FBAD-D810-45A4-9BEE-E850A588D406}.Release|Any CPU.Build.0 = Release|x64
		{6AA7FBAD-D810-45A4-9BEE-E850A588D406}.Release|x64.ActiveCfg = Release|x64
		{6AA7FBAD-D810-45A4-9BEE-E850A588D406}.Release|x64.Build.0 = Release|x64
		{6AA7FBAD-D810-45A4-9BEE-E850A588D406}.Release|x86.ActiveCfg = Release|Win32
		{6AA7FBAD-D810-45A4-9BEE-E850A588D406}.Release|x86.Build.0 = Release|Win32
		{40241CAB-AC6D-4A25-84C5-60175E537CF8}.Debug|Any CPU.ActiveCfg = Debug|x64
		{40241CAB-AC6D-4A25-84C5-60175E537CF8}.Debug|Any CPU.Build.0 = Debug|x64
		{40241CAB-AC6D-4A25-84C5-60175E537CF8}.Debug|x64.ActiveCfg = Debug|x64
		{40241CAB-AC6D-4A25-84C5-60175E537CF8}.Debug|x64.Build.0 = Debug|x64
		{40241CAB-AC6D-4A25-84C5-60175E537CF8}.Debug|x86.ActiveCfg = Debug|Win32
		{40241CAB-AC6D-4A25-84C5-60175E537CF8}.Debug|x86.Build.0 = Debug|Win32
		{40241CAB-AC6D-4A25-84C5-60175E537CF8}.Release|Any CPU.ActiveCfg = Release|x64
		{40241CAB-AC6D-4A25-84C5-60175E537CF8}.Release|Any CPU.Build.0 = Release|x64
		{40241CAB-AC6D-4A25-84C5-60175E537CF8}.Release|x64.ActiveCfg = Release|x64
		{40241CAB-AC6D-4A25-84C5-60175E537CF8}.Release|x64.Build.0 = Release|x64
		{40241CAB-AC6D-4A25-84C5-60175E537CF8}.Release|x86.ActiveCfg = Release|Win32
		{40241CAB-AC6D-4A25-84C5-60175E537CF8}.Release|x86.Build.0 = Release|Win32
		{DBB76EF2-CC82-4D53-B277-2ECE48726148}.Debug|Any CPU.ActiveCfg = Debug|x64
		{DBB76EF2-CC82-4D53-B277-2ECE48726148}.Debug|Any CPU.Build.0 = Debug|x64
		{DBB76EF2-CC82-4D53-B277-2ECE48726148}.Debug|x64.ActiveCfg = Debug|x64
		{DBB76EF2-CC82-4D53-B277-2ECE48726148}.Debug|x64.Build.0 = Debug|x64
		{DBB76EF2-CC82-4D53-B277-2ECE48726148}.Debug|x86.ActiveCfg = Debug|Win32
		{DBB76EF2-CC82-4D53-B277-2ECE48726148}.Debug|x86.Build.0 = Debug|Win32
		{DBB76EF2-CC82-4D53-B277-2ECE48726148}.Release|Any CPU.ActiveCfg = Release|x64
		{DBB76EF2-CC82-4D53-B277-2ECE48726148}.Release|Any CPU.Build.0 = Release|x64
		{DBB76EF2-CC82-4D53-B277-2ECE48726148}.Release|x64.ActiveCfg = Release|x64
		{DBB76EF2-CC82-4D53-B277-2ECE48726148}.Release|x64.Build.0 = Release|x64
		{DBB76EF2-CC82-4D53-B277-2ECE48726148}.Release|x86.ActiveCfg = Release|Win32
		{DBB76EF2-CC82-4D53-B277-2ECE48726148}.Release|x86.Build.0 = Release|Win32
		{548BB518-D7F1-48DD-91AC-98F619FC8E19}.Debug|Any CPU.ActiveCfg = Debug|x64
		{548BB518-D7F1-48DD-91AC-98F619FC8E19}.Debug|Any CPU.Build.0 = Debug|x64
		{548BB518-D7F1-48DD-91AC-98F619FC8E19}.Debug|x64.ActiveCfg = Debug|x64
		{548BB518-D7F1-48DD-91AC-98F619FC8E19}.Debug|x64.Build.0 = Debug|x64
		{548BB518-D7F1-48DD-91AC-98F619FC8E19}.Debug|x86.ActiveCfg = Debug|Win32
		{548BB518-D7F1-48DD-91AC-98F619FC8E19}.Debug|x86.Build.0 = Debug|Win32
		{548BB518-D7F1-48DD-91AC-98F619FC8E19}.Release|Any CPU.ActiveCfg = Release|x64
		{548BB518-D7F1-48DD-91AC-98F619FC8E19}.Release|Any CPU.Build.0 = Release|x64
		{548BB518-D7F1-48DD-91AC-98F619FC8E19}.Release|x64.ActiveCfg = Release|x64
		{548BB518-D7F1-48DD-91AC-98F619FC8E19}.Release|x64.Build.0 = Release|x64
		{548BB518-D7F1-48DD-91AC-98F619FC8E19}.Release|x86.ActiveCfg = Release|Win32
		{548BB518-D7F1-48DD-91AC-98F619FC8E19}.Release|x86.Build.0 = Release|Win32
		{6EA2EF44-035D-4FE4-93B1-2C216F8E3C43}.Debug|Any CPU.ActiveCfg = Debug|x64
		{6EA2EF44-035D-4FE4-93B1-2C216F8E3C43}.Debug|Any CPU.Build.0 = Debug|x64
		{6EA2EF44-035D-4FE4-93B1-2C216F8E3C43}.Debug|x64.ActiveCfg = Debug|x64
		{6EA2EF44-035D-4FE4-93B1-2C216F8E3C43}.Debug|x64.Build.0 = Debug|x64
		{6EA2EF44-035D-4FE4-93B1-2C216F8E3C43}.Debug|x86.ActiveCfg = Debug|Win32
		{6EA2EF44-035D-4FE4-93B1-2C216F8E3C43}.Debug|x86.Build.0 = Debug|Win32
		{6EA2EF44-035D-4FE4-93B1-2C216F8E3C43}.Release|Any CPU.ActiveCfg = Release|x64
		{6EA2EF44-035D-4FE4-93B1-2C216F8E3C43}.Release|Any CPU.Build.0 = Release|x64
		{6EA2EF44-035D-4FE4-93B1-2C216F8E3C43}.Release|x64.ActiveCfg = Release|x64
		{6EA2EF44-035D-4FE4-93B1-2C216F8E3C43}.Release|x64.Build.0 = Release|x64
		{6EA2EF44-035D-4FE4-93B1-2C216F8E3C43}.Release|x86.ActiveCfg = Release|Win32
		{6EA2EF44-035D-4FE4-93B1-2C216F8E3C43}.Release|x86.Build.0 = Release|Win32
		{659438AE-A629-4FD1-8F36-15A5CDC58CD9}.Debug|Any CPU.ActiveCfg = Debug|x64
		{659438AE-A629-4FD1-8F36-15A5CDC58CD9}.Debug|Any CPU.Build.0 = Debug|x64
		{659438AE-A629-4FD1-8F36-15A5CDC58CD9}.Debug|x64.ActiveCfg = Debug|x64
		{659438AE-A629-4FD1-8F36-15A5CDC58CD9}.Debug|x64.Build.0 = Debug|x64
		{659438AE-A629-4FD1-8F36-15A5CDC58CD9}.Debug|x86.ActiveCfg = Debug|Win32
		{659438AE-A629-4FD1-8F36-15A5CDC58CD9}.Debug|x86.Build.0 = Debug|Win32
		{659438AE-A629-4FD1-8F36-15A5CDC58CD9}.Release|Any CPU.ActiveCfg = Release|x64
		{659438AE-A629-4FD1-8F36-15A5CDC58CD9}.Release|Any CPU.Build.0 = Release|x64
		{659438AE-A629-4FD1-8F36-15A5CDC58CD9}.Release|x64.ActiveCfg = Release|x64
		{659438AE-A629-4FD1-8F36-15A5CDC58CD9}.Release|x64.Build.0 = Release|x64
		{659438AE-A629-4FD1-8F36-15A5CDC58CD9}.Release|x86.ActiveCfg = Release|Win32
		{659438AE-A629-4FD1-8F36-15A5CDC58CD9}.Release|x86.Build.0 = Release|Win32
	EndGlobalSection
	GlobalSection(SolutionProperties) = preSolution
		HideSolutionNode = FALSE
	EndGlobalSection
	GlobalSection(ExtensibilityGlobals) = postSolution
		SolutionGuid = {3D6C328E-D505-42E4-A08B-A91A20598CB6}
	EndGlobalSection
EndGlobal
