
Microsoft Visual Studio Solution File, Format Version 12.00
# Visual Studio Version 17
VisualStudioVersion = 17.1.32414.318
MinimumVisualStudioVersion = 10.0.40219.1
Project("{9A19103F-16F7-4668-BE54-9A1E7A4F7556}") = "19-05 001 PTBac2", "19-05 001 PTBac2\19-05 001 PTBac2.csproj", "{5AD6740B-9DFD-4BCF-92DF-9E6438ADFFE2}"
EndProject
Project("{FAE04EC0-301F-11D3-BF4B-00C04F79EFBC}") = "19-05 002 PTBac2 (return this function)", "19-05 002 PTBac2 (return this function)\19-05 002 PTBac2 (return this function).csproj", "{2AEAC58B-6E0D-4B02-A04C-472F96206A8E}"
EndProject
Global
	GlobalSection(SolutionConfigurationPlatforms) = preSolution
		Debug|Any CPU = Debug|Any CPU
		Release|Any CPU = Release|Any CPU
	EndGlobalSection
	GlobalSection(ProjectConfigurationPlatforms) = postSolution
		{5AD6740B-9DFD-4BCF-92DF-9E6438ADFFE2}.Debug|Any CPU.ActiveCfg = Debug|Any CPU
		{5AD6740B-9DFD-4BCF-92DF-9E6438ADFFE2}.Debug|Any CPU.Build.0 = Debug|Any CPU
		{5AD6740B-9DFD-4BCF-92DF-9E6438ADFFE2}.Release|Any CPU.ActiveCfg = Release|Any CPU
		{5AD6740B-9DFD-4BCF-92DF-9E6438ADFFE2}.Release|Any CPU.Build.0 = Release|Any CPU
		{2AEAC58B-6E0D-4B02-A04C-472F96206A8E}.Debug|Any CPU.ActiveCfg = Debug|Any CPU
		{2AEAC58B-6E0D-4B02-A04C-472F96206A8E}.Debug|Any CPU.Build.0 = Debug|Any CPU
		{2AEAC58B-6E0D-4B02-A04C-472F96206A8E}.Release|Any CPU.ActiveCfg = Release|Any CPU
		{2AEAC58B-6E0D-4B02-A04C-472F96206A8E}.Release|Any CPU.Build.0 = Release|Any CPU
	EndGlobalSection
	GlobalSection(SolutionProperties) = preSolution
		HideSolutionNode = FALSE
	EndGlobalSection
	GlobalSection(ExtensibilityGlobals) = postSolution
		SolutionGuid = {383455F7-BD22-406A-99F1-B477E48D3D39}
	EndGlobalSection
EndGlobal
