
Microsoft Visual Studio Solution File, Format Version 12.00
# Visual Studio Version 17
VisualStudioVersion = 17.1.32414.318
MinimumVisualStudioVersion = 10.0.40219.1
Project("{9A19103F-16F7-4668-BE54-9A1E7A4F7556}") = "19-05 001 PTBac2", "19-05 001 PTBac2\19-05 001 PTBac2.csproj", "{5AD6740B-9DFD-4BCF-92DF-9E6438ADFFE2}"
EndProject
Project("{9A19103F-16F7-4668-BE54-9A1E7A4F7556}") = "21-05 003 Inheritance", "21-05 003 Inheritance\21-05 003 Inheritance.csproj", "{1ABC54DB-5028-4CCD-A08B-EE6C3C97D91D}"
EndProject
Project("{FAE04EC0-301F-11D3-BF4B-00C04F79EFBC}") = "24-05 004 LTHDT Bai 1", "24-05 004 LTHDT Bai 1\24-05 004 LTHDT Bai 1.csproj", "{C5478317-4800-468E-952B-33D3387AE505}"
EndProject
Project("{FAE04EC0-301F-11D3-BF4B-00C04F79EFBC}") = "24-05 005 LTHDT Bai 2", "24-05 005 LTHDT Bai 2\24-05 005 LTHDT Bai 2.csproj", "{B29442FF-2437-4E3C-9E95-2F45009048C5}"
EndProject
Global
	GlobalSection(SolutionConfigurationPlatforms) = preSolution
		Debug|Any CPU = Debug|Any CPU
		Release|Any CPU = Release|Any CPU
	EndGlobalSection
	GlobalSection(ProjectConfigurationPlatforms) = postSolution
		{5AD6740B-9DFD-4BCF-92DF-9E6438ADFFE2}.Debug|Any CPU.ActiveCfg = Debug|Any CPU
		{5AD6740B-9DFD-4BCF-92DF-9E6438ADFFE2}.Debug|Any CPU.Build.0 = Debug|Any CPU
		{5AD6740B-9DFD-4BCF-92DF-9E6438ADFFE2}.Release|Any CPU.ActiveCfg = Release|Any CPU
		{5AD6740B-9DFD-4BCF-92DF-9E6438ADFFE2}.Release|Any CPU.Build.0 = Release|Any CPU
		{1ABC54DB-5028-4CCD-A08B-EE6C3C97D91D}.Debug|Any CPU.ActiveCfg = Debug|Any CPU
		{1ABC54DB-5028-4CCD-A08B-EE6C3C97D91D}.Debug|Any CPU.Build.0 = Debug|Any CPU
		{1ABC54DB-5028-4CCD-A08B-EE6C3C97D91D}.Release|Any CPU.ActiveCfg = Release|Any CPU
		{1ABC54DB-5028-4CCD-A08B-EE6C3C97D91D}.Release|Any CPU.Build.0 = Release|Any CPU
		{C5478317-4800-468E-952B-33D3387AE505}.Debug|Any CPU.ActiveCfg = Debug|Any CPU
		{C5478317-4800-468E-952B-33D3387AE505}.Debug|Any CPU.Build.0 = Debug|Any CPU
		{C5478317-4800-468E-952B-33D3387AE505}.Release|Any CPU.ActiveCfg = Release|Any CPU
		{C5478317-4800-468E-952B-33D3387AE505}.Release|Any CPU.Build.0 = Release|Any CPU
		{B29442FF-2437-4E3C-9E95-2F45009048C5}.Debug|Any CPU.ActiveCfg = Debug|Any CPU
		{B29442FF-2437-4E3C-9E95-2F45009048C5}.Debug|Any CPU.Build.0 = Debug|Any CPU
		{B29442FF-2437-4E3C-9E95-2F45009048C5}.Release|Any CPU.ActiveCfg = Release|Any CPU
		{B29442FF-2437-4E3C-9E95-2F45009048C5}.Release|Any CPU.Build.0 = Release|Any CPU
	EndGlobalSection
	GlobalSection(SolutionProperties) = preSolution
		HideSolutionNode = FALSE
	EndGlobalSection
	GlobalSection(ExtensibilityGlobals) = postSolution
		SolutionGuid = {383455F7-BD22-406A-99F1-B477E48D3D39}
	EndGlobalSection
EndGlobal
