
Microsoft Visual Studio Solution File, Format Version 12.00
# Visual Studio Version 17
VisualStudioVersion = 17.1.32414.318
MinimumVisualStudioVersion = 10.0.40219.1
Project("{9A19103F-16F7-4668-BE54-9A1E7A4F7556}") = "004 LTHDT Bai 1", "004 LTHDT Bai 1\004 LTHDT Bai 1.csproj", "{9E9BD172-A0F7-41D0-8E59-AD1F35AE91AE}"
EndProject
Project("{9A19103F-16F7-4668-BE54-9A1E7A4F7556}") = "005 LTHDT Bai 2", "005 LTHDT Bai 2\005 LTHDT Bai 2.csproj", "{D83A560D-FBE5-47BF-B69E-846C6285857F}"
EndProject
Project("{9A19103F-16F7-4668-BE54-9A1E7A4F7556}") = "001 PTBac2", "001 PTBac2\001 PTBac2.csproj", "{C433ABAA-74BD-4D2E-A5CD-E5CB9C8F6BE1}"
EndProject
Project("{9A19103F-16F7-4668-BE54-9A1E7A4F7556}") = "019 LTHDT Bai 12 QuanLyHocVien", "019 LTHDT Bai 12 QuanLyHocVien\019 LTHDT Bai 12 QuanLyHocVien.csproj", "{54CED3B5-F936-47EA-A9B8-4AC1D794A071}"
EndProject
Project("{9A19103F-16F7-4668-BE54-9A1E7A4F7556}") = "003 Inheritance", "003 Inheritance\003 Inheritance.csproj", "{D557512C-866A-4202-B5F0-8FD0E9E51BB8}"
EndProject
Project("{9A19103F-16F7-4668-BE54-9A1E7A4F7556}") = "006 LTHDT Bai 3", "006 LTHDT Bai 3\006 LTHDT Bai 3.csproj", "{4CF6BA2A-853F-4DEC-90B2-48AB0AADB1F9}"
EndProject
Project("{9A19103F-16F7-4668-BE54-9A1E7A4F7556}") = "007 Vidu", "007 Vidu\007 Vidu.csproj", "{6EDC64CF-71F2-45FE-BB91-0E29BB2D3101}"
EndProject
Project("{9A19103F-16F7-4668-BE54-9A1E7A4F7556}") = "008 LTHDT Bai 4", "008 LTHDT Bai 4\008 LTHDT Bai 4.csproj", "{AE9B1B7C-800E-4BC3-9198-1F2EC6EA3BA3}"
EndProject
Project("{9A19103F-16F7-4668-BE54-9A1E7A4F7556}") = "009 LTHDT Bai 5", "009 LTHDT Bai 5\009 LTHDT Bai 5.csproj", "{3FEF7905-7867-438D-96AD-BEB8D1182394}"
EndProject
Project("{9A19103F-16F7-4668-BE54-9A1E7A4F7556}") = "010 LTHDT Bai 6", "010 LTHDT Bai 6\010 LTHDT Bai 6.csproj", "{BE822FFA-1862-4230-901F-D104AC989602}"
EndProject
Project("{9A19103F-16F7-4668-BE54-9A1E7A4F7556}") = "011 LTHDT Bai 7", "011 LTHDT Bai 7\011 LTHDT Bai 7.csproj", "{B418DFF0-CC4C-43CE-9408-2FA9134E40CC}"
EndProject
Project("{9A19103F-16F7-4668-BE54-9A1E7A4F7556}") = "012 Temp", "012 Temp\012 Temp.csproj", "{5BD89907-58D5-43CA-802F-54A9970ABA07}"
EndProject
Project("{9A19103F-16F7-4668-BE54-9A1E7A4F7556}") = "013 LTHDT Bai 8", "013 LTHDT Bai 8\013 LTHDT Bai 8.csproj", "{C851D706-990A-4B60-A13A-3F45A887F2B4}"
EndProject
Project("{9A19103F-16F7-4668-BE54-9A1E7A4F7556}") = "014 LTHDT Bai 9", "014 LTHDT Bai 9\014 LTHDT Bai 9.csproj", "{EACD5919-EE7F-43F9-8259-3BEEF05C0E68}"
EndProject
Project("{9A19103F-16F7-4668-BE54-9A1E7A4F7556}") = "015 LTHDT Case Study", "015 LTHDT Case Study\015 LTHDT Case Study.csproj", "{15232F34-BCA2-48E0-A977-F30E8E2AEDB5}"
EndProject
Project("{9A19103F-16F7-4668-BE54-9A1E7A4F7556}") = "016 LTHDT Case Study Using ArrayList", "016 LTHDT Case Study Using ArrayList\016 LTHDT Case Study Using ArrayList.csproj", "{8846345D-E9FA-446A-B19B-B2027EBC63FE}"
EndProject
Project("{9A19103F-16F7-4668-BE54-9A1E7A4F7556}") = "017 LTHDT Bai 10 Order", "017 LTHDT Bai 10 Order\017 LTHDT Bai 10 Order.csproj", "{583620B9-83CA-4F97-9D14-E89CC5AA4B1D}"
EndProject
Project("{9A19103F-16F7-4668-BE54-9A1E7A4F7556}") = "018 LTHDT Bai 11 HocVien", "018 LTHDT Bai 11 HocVien\018 LTHDT Bai 11 HocVien.csproj", "{1CA02122-EA3F-4114-992A-69EE227642C1}"
EndProject
Project("{9A19103F-16F7-4668-BE54-9A1E7A4F7556}") = "020 Inheritance Rectangle Zalo", "020 Inheritance Rectangle Zalo\020 Inheritance Rectangle Zalo.csproj", "{692F0F68-BBB2-4537-A462-98EAD49487BA}"
EndProject
Project("{FAE04EC0-301F-11D3-BF4B-00C04F79EFBC}") = "021 Inheritance Bai 1", "021 Inheritance Bai 1\021 Inheritance Bai 1.csproj", "{E7E9832B-57DF-4D76-BBE4-E60F6B118B84}"
EndProject
Global
	GlobalSection(SolutionConfigurationPlatforms) = preSolution
		Debug|Any CPU = Debug|Any CPU
		Release|Any CPU = Release|Any CPU
	EndGlobalSection
	GlobalSection(ProjectConfigurationPlatforms) = postSolution
		{9E9BD172-A0F7-41D0-8E59-AD1F35AE91AE}.Debug|Any CPU.ActiveCfg = Debug|Any CPU
		{9E9BD172-A0F7-41D0-8E59-AD1F35AE91AE}.Debug|Any CPU.Build.0 = Debug|Any CPU
		{9E9BD172-A0F7-41D0-8E59-AD1F35AE91AE}.Release|Any CPU.ActiveCfg = Release|Any CPU
		{9E9BD172-A0F7-41D0-8E59-AD1F35AE91AE}.Release|Any CPU.Build.0 = Release|Any CPU
		{D83A560D-FBE5-47BF-B69E-846C6285857F}.Debug|Any CPU.ActiveCfg = Debug|Any CPU
		{D83A560D-FBE5-47BF-B69E-846C6285857F}.Debug|Any CPU.Build.0 = Debug|Any CPU
		{D83A560D-FBE5-47BF-B69E-846C6285857F}.Release|Any CPU.ActiveCfg = Release|Any CPU
		{D83A560D-FBE5-47BF-B69E-846C6285857F}.Release|Any CPU.Build.0 = Release|Any CPU
		{C433ABAA-74BD-4D2E-A5CD-E5CB9C8F6BE1}.Debug|Any CPU.ActiveCfg = Debug|Any CPU
		{C433ABAA-74BD-4D2E-A5CD-E5CB9C8F6BE1}.Debug|Any CPU.Build.0 = Debug|Any CPU
		{C433ABAA-74BD-4D2E-A5CD-E5CB9C8F6BE1}.Release|Any CPU.ActiveCfg = Release|Any CPU
		{C433ABAA-74BD-4D2E-A5CD-E5CB9C8F6BE1}.Release|Any CPU.Build.0 = Release|Any CPU
		{54CED3B5-F936-47EA-A9B8-4AC1D794A071}.Debug|Any CPU.ActiveCfg = Debug|Any CPU
		{54CED3B5-F936-47EA-A9B8-4AC1D794A071}.Debug|Any CPU.Build.0 = Debug|Any CPU
		{54CED3B5-F936-47EA-A9B8-4AC1D794A071}.Release|Any CPU.ActiveCfg = Release|Any CPU
		{54CED3B5-F936-47EA-A9B8-4AC1D794A071}.Release|Any CPU.Build.0 = Release|Any CPU
		{D557512C-866A-4202-B5F0-8FD0E9E51BB8}.Debug|Any CPU.ActiveCfg = Debug|Any CPU
		{D557512C-866A-4202-B5F0-8FD0E9E51BB8}.Debug|Any CPU.Build.0 = Debug|Any CPU
		{D557512C-866A-4202-B5F0-8FD0E9E51BB8}.Release|Any CPU.ActiveCfg = Release|Any CPU
		{D557512C-866A-4202-B5F0-8FD0E9E51BB8}.Release|Any CPU.Build.0 = Release|Any CPU
		{4CF6BA2A-853F-4DEC-90B2-48AB0AADB1F9}.Debug|Any CPU.ActiveCfg = Debug|Any CPU
		{4CF6BA2A-853F-4DEC-90B2-48AB0AADB1F9}.Debug|Any CPU.Build.0 = Debug|Any CPU
		{4CF6BA2A-853F-4DEC-90B2-48AB0AADB1F9}.Release|Any CPU.ActiveCfg = Release|Any CPU
		{4CF6BA2A-853F-4DEC-90B2-48AB0AADB1F9}.Release|Any CPU.Build.0 = Release|Any CPU
		{6EDC64CF-71F2-45FE-BB91-0E29BB2D3101}.Debug|Any CPU.ActiveCfg = Debug|Any CPU
		{6EDC64CF-71F2-45FE-BB91-0E29BB2D3101}.Debug|Any CPU.Build.0 = Debug|Any CPU
		{6EDC64CF-71F2-45FE-BB91-0E29BB2D3101}.Release|Any CPU.ActiveCfg = Release|Any CPU
		{6EDC64CF-71F2-45FE-BB91-0E29BB2D3101}.Release|Any CPU.Build.0 = Release|Any CPU
		{AE9B1B7C-800E-4BC3-9198-1F2EC6EA3BA3}.Debug|Any CPU.ActiveCfg = Debug|Any CPU
		{AE9B1B7C-800E-4BC3-9198-1F2EC6EA3BA3}.Debug|Any CPU.Build.0 = Debug|Any CPU
		{AE9B1B7C-800E-4BC3-9198-1F2EC6EA3BA3}.Release|Any CPU.ActiveCfg = Release|Any CPU
		{AE9B1B7C-800E-4BC3-9198-1F2EC6EA3BA3}.Release|Any CPU.Build.0 = Release|Any CPU
		{3FEF7905-7867-438D-96AD-BEB8D1182394}.Debug|Any CPU.ActiveCfg = Debug|Any CPU
		{3FEF7905-7867-438D-96AD-BEB8D1182394}.Debug|Any CPU.Build.0 = Debug|Any CPU
		{3FEF7905-7867-438D-96AD-BEB8D1182394}.Release|Any CPU.ActiveCfg = Release|Any CPU
		{3FEF7905-7867-438D-96AD-BEB8D1182394}.Release|Any CPU.Build.0 = Release|Any CPU
		{BE822FFA-1862-4230-901F-D104AC989602}.Debug|Any CPU.ActiveCfg = Debug|Any CPU
		{BE822FFA-1862-4230-901F-D104AC989602}.Debug|Any CPU.Build.0 = Debug|Any CPU
		{BE822FFA-1862-4230-901F-D104AC989602}.Release|Any CPU.ActiveCfg = Release|Any CPU
		{BE822FFA-1862-4230-901F-D104AC989602}.Release|Any CPU.Build.0 = Release|Any CPU
		{B418DFF0-CC4C-43CE-9408-2FA9134E40CC}.Debug|Any CPU.ActiveCfg = Debug|Any CPU
		{B418DFF0-CC4C-43CE-9408-2FA9134E40CC}.Debug|Any CPU.Build.0 = Debug|Any CPU
		{B418DFF0-CC4C-43CE-9408-2FA9134E40CC}.Release|Any CPU.ActiveCfg = Release|Any CPU
		{B418DFF0-CC4C-43CE-9408-2FA9134E40CC}.Release|Any CPU.Build.0 = Release|Any CPU
		{5BD89907-58D5-43CA-802F-54A9970ABA07}.Debug|Any CPU.ActiveCfg = Debug|Any CPU
		{5BD89907-58D5-43CA-802F-54A9970ABA07}.Debug|Any CPU.Build.0 = Debug|Any CPU
		{5BD89907-58D5-43CA-802F-54A9970ABA07}.Release|Any CPU.ActiveCfg = Release|Any CPU
		{5BD89907-58D5-43CA-802F-54A9970ABA07}.Release|Any CPU.Build.0 = Release|Any CPU
		{C851D706-990A-4B60-A13A-3F45A887F2B4}.Debug|Any CPU.ActiveCfg = Debug|Any CPU
		{C851D706-990A-4B60-A13A-3F45A887F2B4}.Debug|Any CPU.Build.0 = Debug|Any CPU
		{C851D706-990A-4B60-A13A-3F45A887F2B4}.Release|Any CPU.ActiveCfg = Release|Any CPU
		{C851D706-990A-4B60-A13A-3F45A887F2B4}.Release|Any CPU.Build.0 = Release|Any CPU
		{EACD5919-EE7F-43F9-8259-3BEEF05C0E68}.Debug|Any CPU.ActiveCfg = Debug|Any CPU
		{EACD5919-EE7F-43F9-8259-3BEEF05C0E68}.Debug|Any CPU.Build.0 = Debug|Any CPU
		{EACD5919-EE7F-43F9-8259-3BEEF05C0E68}.Release|Any CPU.ActiveCfg = Release|Any CPU
		{EACD5919-EE7F-43F9-8259-3BEEF05C0E68}.Release|Any CPU.Build.0 = Release|Any CPU
		{15232F34-BCA2-48E0-A977-F30E8E2AEDB5}.Debug|Any CPU.ActiveCfg = Debug|Any CPU
		{15232F34-BCA2-48E0-A977-F30E8E2AEDB5}.Debug|Any CPU.Build.0 = Debug|Any CPU
		{15232F34-BCA2-48E0-A977-F30E8E2AEDB5}.Release|Any CPU.ActiveCfg = Release|Any CPU
		{15232F34-BCA2-48E0-A977-F30E8E2AEDB5}.Release|Any CPU.Build.0 = Release|Any CPU
		{8846345D-E9FA-446A-B19B-B2027EBC63FE}.Debug|Any CPU.ActiveCfg = Debug|Any CPU
		{8846345D-E9FA-446A-B19B-B2027EBC63FE}.Debug|Any CPU.Build.0 = Debug|Any CPU
		{8846345D-E9FA-446A-B19B-B2027EBC63FE}.Release|Any CPU.ActiveCfg = Release|Any CPU
		{8846345D-E9FA-446A-B19B-B2027EBC63FE}.Release|Any CPU.Build.0 = Release|Any CPU
		{583620B9-83CA-4F97-9D14-E89CC5AA4B1D}.Debug|Any CPU.ActiveCfg = Debug|Any CPU
		{583620B9-83CA-4F97-9D14-E89CC5AA4B1D}.Debug|Any CPU.Build.0 = Debug|Any CPU
		{583620B9-83CA-4F97-9D14-E89CC5AA4B1D}.Release|Any CPU.ActiveCfg = Release|Any CPU
		{583620B9-83CA-4F97-9D14-E89CC5AA4B1D}.Release|Any CPU.Build.0 = Release|Any CPU
		{1CA02122-EA3F-4114-992A-69EE227642C1}.Debug|Any CPU.ActiveCfg = Debug|Any CPU
		{1CA02122-EA3F-4114-992A-69EE227642C1}.Debug|Any CPU.Build.0 = Debug|Any CPU
		{1CA02122-EA3F-4114-992A-69EE227642C1}.Release|Any CPU.ActiveCfg = Release|Any CPU
		{1CA02122-EA3F-4114-992A-69EE227642C1}.Release|Any CPU.Build.0 = Release|Any CPU
		{692F0F68-BBB2-4537-A462-98EAD49487BA}.Debug|Any CPU.ActiveCfg = Debug|Any CPU
		{692F0F68-BBB2-4537-A462-98EAD49487BA}.Debug|Any CPU.Build.0 = Debug|Any CPU
		{692F0F68-BBB2-4537-A462-98EAD49487BA}.Release|Any CPU.ActiveCfg = Release|Any CPU
		{692F0F68-BBB2-4537-A462-98EAD49487BA}.Release|Any CPU.Build.0 = Release|Any CPU
		{E7E9832B-57DF-4D76-BBE4-E60F6B118B84}.Debug|Any CPU.ActiveCfg = Debug|Any CPU
		{E7E9832B-57DF-4D76-BBE4-E60F6B118B84}.Debug|Any CPU.Build.0 = Debug|Any CPU
		{E7E9832B-57DF-4D76-BBE4-E60F6B118B84}.Release|Any CPU.ActiveCfg = Release|Any CPU
		{E7E9832B-57DF-4D76-BBE4-E60F6B118B84}.Release|Any CPU.Build.0 = Release|Any CPU
	EndGlobalSection
	GlobalSection(SolutionProperties) = preSolution
		HideSolutionNode = FALSE
	EndGlobalSection
	GlobalSection(ExtensibilityGlobals) = postSolution
		SolutionGuid = {383455F7-BD22-406A-99F1-B477E48D3D39}
	EndGlobalSection
EndGlobal
